
Microsoft Visual Studio Solution File, Format Version 12.00
# Visual Studio Version 16
VisualStudioVersion = 16.0.30320.27
MinimumVisualStudioVersion = 10.0.40219.1
Project("{FAE04EC0-301F-11D3-BF4B-00C04F79EFBC}") = "RedLineLanka_Enterprise", "RedLineLanka_Enterprise\RedLineLanka_Enterprise.csproj", "{45496B20-0520-4091-8A70-853A462A4A54}"
EndProject
Global
	GlobalSection(SolutionConfigurationPlatforms) = preSolution
		Debug|Any CPU = Debug|Any CPU
		Live|Any CPU = Live|Any CPU
		Release|Any CPU = Release|Any CPU
		Test|Any CPU = Test|Any CPU
	EndGlobalSection
	GlobalSection(ProjectConfigurationPlatforms) = postSolution
		{45496B20-0520-4091-8A70-853A462A4A54}.Debug|Any CPU.ActiveCfg = Debug|Any CPU
		{45496B20-0520-4091-8A70-853A462A4A54}.Debug|Any CPU.Build.0 = Debug|Any CPU
		{45496B20-0520-4091-8A70-853A462A4A54}.Live|Any CPU.ActiveCfg = Live|Any CPU
		{45496B20-0520-4091-8A70-853A462A4A54}.Live|Any CPU.Build.0 = Live|Any CPU
		{45496B20-0520-4091-8A70-853A462A4A54}.Release|Any CPU.ActiveCfg = Release|Any CPU
		{45496B20-0520-4091-8A70-853A462A4A54}.Release|Any CPU.Build.0 = Release|Any CPU
		{45496B20-0520-4091-8A70-853A462A4A54}.Test|Any CPU.ActiveCfg = Test|Any CPU
		{45496B20-0520-4091-8A70-853A462A4A54}.Test|Any CPU.Build.0 = Test|Any CPU
	EndGlobalSection
	GlobalSection(SolutionProperties) = preSolution
		HideSolutionNode = FALSE
	EndGlobalSection
	GlobalSection(ExtensibilityGlobals) = postSolution
		SolutionGuid = {D7E815D5-74F5-4663-BEFC-82AF5C3CB8D5}
	EndGlobalSection
EndGlobal
